// !$*UTF8*$!
{
	archiveVersion = 1;
	classes = {
	};
	objectVersion = 46;
	objects = {

/* Begin PBXBuildFile section */
		9F66D5061D7D703C008777B5 /* main.m in Sources */ = {isa = PBXBuildFile; fileRef = 9F66D5051D7D703C008777B5 /* main.m */; };
		9F66D5091D7D703C008777B5 /* AppDelegate.m in Sources */ = {isa = PBXBuildFile; fileRef = 9F66D5081D7D703C008777B5 /* AppDelegate.m */; };
		9F66D50F1D7D703C008777B5 /* Main.storyboard in Resources */ = {isa = PBXBuildFile; fileRef = 9F66D50D1D7D703C008777B5 /* Main.storyboard */; };
		9F66D5111D7D703C008777B5 /* Assets.xcassets in Resources */ = {isa = PBXBuildFile; fileRef = 9F66D5101D7D703C008777B5 /* Assets.xcassets */; };
		9F66D5141D7D703C008777B5 /* LaunchScreen.storyboard in Resources */ = {isa = PBXBuildFile; fileRef = 9F66D5121D7D703C008777B5 /* LaunchScreen.storyboard */; };
		9F7386241D7E641000DC51B3 /* UIView+Additions.m in Sources */ = {isa = PBXBuildFile; fileRef = 9F7386211D7E641000DC51B3 /* UIView+Additions.m */; };
		9F7386251D7E641000DC51B3 /* UIViewAdditions.m in Sources */ = {isa = PBXBuildFile; fileRef = 9F7386231D7E641000DC51B3 /* UIViewAdditions.m */; };
		9F7386321D7E645A00DC51B3 /* BaseTabViewController.m in Sources */ = {isa = PBXBuildFile; fileRef = 9F7386281D7E645A00DC51B3 /* BaseTabViewController.m */; };
		9F7386331D7E645A00DC51B3 /* CustomTabViewController.m in Sources */ = {isa = PBXBuildFile; fileRef = 9F73862A1D7E645A00DC51B3 /* CustomTabViewController.m */; };
		9F7386341D7E645A00DC51B3 /* PageTitleViewController.m in Sources */ = {isa = PBXBuildFile; fileRef = 9F73862C1D7E645A00DC51B3 /* PageTitleViewController.m */; };
		9F7386351D7E645A00DC51B3 /* ViewController.m in Sources */ = {isa = PBXBuildFile; fileRef = 9F73862E1D7E645A00DC51B3 /* ViewController.m */; };
		9F7386391D7E647700DC51B3 /* UIUltils.m in Sources */ = {isa = PBXBuildFile; fileRef = 9F7386381D7E647700DC51B3 /* UIUltils.m */; };
		9F73863E1D7E691A00DC51B3 /* FSTopColumnView.m in Sources */ = {isa = PBXBuildFile; fileRef = 9F73863D1D7E691A00DC51B3 /* FSTopColumnView.m */; };
		9F7386411D7E92FB00DC51B3 /* ChildViewController.m in Sources */ = {isa = PBXBuildFile; fileRef = 9F7386401D7E92FB00DC51B3 /* ChildViewController.m */; };
/* End PBXBuildFile section */

/* Begin PBXFileReference section */
		9F66D5011D7D703C008777B5 /* UITabDemo.app */ = {isa = PBXFileReference; explicitFileType = wrapper.application; includeInIndex = 0; path = UITabDemo.app; sourceTree = BUILT_PRODUCTS_DIR; };
		9F66D5051D7D703C008777B5 /* main.m */ = {isa = PBXFileReference; lastKnownFileType = sourcecode.c.objc; path = main.m; sourceTree = "<group>"; };
		9F66D5071D7D703C008777B5 /* AppDelegate.h */ = {isa = PBXFileReference; lastKnownFileType = sourcecode.c.h; path = AppDelegate.h; sourceTree = "<group>"; };
		9F66D5081D7D703C008777B5 /* AppDelegate.m */ = {isa = PBXFileReference; lastKnownFileType = sourcecode.c.objc; path = AppDelegate.m; sourceTree = "<group>"; };
		9F66D50E1D7D703C008777B5 /* Base */ = {isa = PBXFileReference; lastKnownFileType = file.storyboard; name = Base; path = Base.lproj/Main.storyboard; sourceTree = "<group>"; };
		9F66D5101D7D703C008777B5 /* Assets.xcassets */ = {isa = PBXFileReference; lastKnownFileType = folder.assetcatalog; path = Assets.xcassets; sourceTree = "<group>"; };
		9F66D5131D7D703C008777B5 /* Base */ = {isa = PBXFileReference; lastKnownFileType = file.storyboard; name = Base; path = Base.lproj/LaunchScreen.storyboard; sourceTree = "<group>"; };
		9F66D5151D7D703C008777B5 /* Info.plist */ = {isa = PBXFileReference; lastKnownFileType = text.plist.xml; path = Info.plist; sourceTree = "<group>"; };
		9F66D5261D7D7272008777B5 /* PrefixHeader.pch */ = {isa = PBXFileReference; lastKnownFileType = sourcecode.c.h; path = PrefixHeader.pch; sourceTree = "<group>"; };
		9F7386201D7E641000DC51B3 /* UIView+Additions.h */ = {isa = PBXFileReference; fileEncoding = 4; lastKnownFileType = sourcecode.c.h; path = "UIView+Additions.h"; sourceTree = "<group>"; };
		9F7386211D7E641000DC51B3 /* UIView+Additions.m */ = {isa = PBXFileReference; fileEncoding = 4; lastKnownFileType = sourcecode.c.objc; path = "UIView+Additions.m"; sourceTree = "<group>"; };
		9F7386221D7E641000DC51B3 /* UIViewAdditions.h */ = {isa = PBXFileReference; fileEncoding = 4; lastKnownFileType = sourcecode.c.h; path = UIViewAdditions.h; sourceTree = "<group>"; };
		9F7386231D7E641000DC51B3 /* UIViewAdditions.m */ = {isa = PBXFileReference; fileEncoding = 4; lastKnownFileType = sourcecode.c.objc; path = UIViewAdditions.m; sourceTree = "<group>"; };
		9F7386271D7E645A00DC51B3 /* BaseTabViewController.h */ = {isa = PBXFileReference; fileEncoding = 4; lastKnownFileType = sourcecode.c.h; path = BaseTabViewController.h; sourceTree = "<group>"; };
		9F7386281D7E645A00DC51B3 /* BaseTabViewController.m */ = {isa = PBXFileReference; fileEncoding = 4; lastKnownFileType = sourcecode.c.objc; path = BaseTabViewController.m; sourceTree = "<group>"; };
		9F7386291D7E645A00DC51B3 /* CustomTabViewController.h */ = {isa = PBXFileReference; fileEncoding = 4; lastKnownFileType = sourcecode.c.h; path = CustomTabViewController.h; sourceTree = "<group>"; };
		9F73862A1D7E645A00DC51B3 /* CustomTabViewController.m */ = {isa = PBXFileReference; fileEncoding = 4; lastKnownFileType = sourcecode.c.objc; path = CustomTabViewController.m; sourceTree = "<group>"; };
		9F73862B1D7E645A00DC51B3 /* PageTitleViewController.h */ = {isa = PBXFileReference; fileEncoding = 4; lastKnownFileType = sourcecode.c.h; path = PageTitleViewController.h; sourceTree = "<group>"; };
		9F73862C1D7E645A00DC51B3 /* PageTitleViewController.m */ = {isa = PBXFileReference; fileEncoding = 4; lastKnownFileType = sourcecode.c.objc; path = PageTitleViewController.m; sourceTree = "<group>"; };
		9F73862D1D7E645A00DC51B3 /* ViewController.h */ = {isa = PBXFileReference; fileEncoding = 4; lastKnownFileType = sourcecode.c.h; path = ViewController.h; sourceTree = "<group>"; };
		9F73862E1D7E645A00DC51B3 /* ViewController.m */ = {isa = PBXFileReference; fileEncoding = 4; lastKnownFileType = sourcecode.c.objc; path = ViewController.m; sourceTree = "<group>"; };
		9F7386371D7E647700DC51B3 /* UIUltils.h */ = {isa = PBXFileReference; fileEncoding = 4; lastKnownFileType = sourcecode.c.h; name = UIUltils.h; path = ../UIUltils.h; sourceTree = "<group>"; };
		9F7386381D7E647700DC51B3 /* UIUltils.m */ = {isa = PBXFileReference; fileEncoding = 4; lastKnownFileType = sourcecode.c.objc; name = UIUltils.m; path = ../UIUltils.m; sourceTree = "<group>"; };
		9F73863C1D7E691A00DC51B3 /* FSTopColumnView.h */ = {isa = PBXFileReference; fileEncoding = 4; lastKnownFileType = sourcecode.c.h; path = FSTopColumnView.h; sourceTree = "<group>"; };
		9F73863D1D7E691A00DC51B3 /* FSTopColumnView.m */ = {isa = PBXFileReference; fileEncoding = 4; lastKnownFileType = sourcecode.c.objc; path = FSTopColumnView.m; sourceTree = "<group>"; };
		9F73863F1D7E92FB00DC51B3 /* ChildViewController.h */ = {isa = PBXFileReference; fileEncoding = 4; lastKnownFileType = sourcecode.c.h; path = ChildViewController.h; sourceTree = "<group>"; };
		9F7386401D7E92FB00DC51B3 /* ChildViewController.m */ = {isa = PBXFileReference; fileEncoding = 4; lastKnownFileType = sourcecode.c.objc; path = ChildViewController.m; sourceTree = "<group>"; };
/* End PBXFileReference section */

/* Begin PBXFrameworksBuildPhase section */
		9F66D4FE1D7D703C008777B5 /* Frameworks */ = {
			isa = PBXFrameworksBuildPhase;
			buildActionMask = 2147483647;
			files = (
			);
			runOnlyForDeploymentPostprocessing = 0;
		};
/* End PBXFrameworksBuildPhase section */

/* Begin PBXGroup section */
		9F66D4F81D7D703C008777B5 = {
			isa = PBXGroup;
			children = (
				9F66D5031D7D703C008777B5 /* UITabDemo */,
				9F66D5021D7D703C008777B5 /* Products */,
			);
			sourceTree = "<group>";
		};
		9F66D5021D7D703C008777B5 /* Products */ = {
			isa = PBXGroup;
			children = (
				9F66D5011D7D703C008777B5 /* UITabDemo.app */,
			);
			name = Products;
			sourceTree = "<group>";
		};
		9F66D5031D7D703C008777B5 /* UITabDemo */ = {
			isa = PBXGroup;
			children = (
				9F73863B1D7E691A00DC51B3 /* Views */,
				9F7386261D7E645A00DC51B3 /* ViewControllers */,
				9F73861E1D7E641000DC51B3 /* ThirdLibrary */,
				9F66D5071D7D703C008777B5 /* AppDelegate.h */,
				9F66D5081D7D703C008777B5 /* AppDelegate.m */,
				9F66D5261D7D7272008777B5 /* PrefixHeader.pch */,
				9F66D50D1D7D703C008777B5 /* Main.storyboard */,
				9F66D5101D7D703C008777B5 /* Assets.xcassets */,
				9F66D5121D7D703C008777B5 /* LaunchScreen.storyboard */,
				9F66D5151D7D703C008777B5 /* Info.plist */,
				9F66D5041D7D703C008777B5 /* Supporting Files */,
			);
			path = UITabDemo;
			sourceTree = "<group>";
		};
		9F66D5041D7D703C008777B5 /* Supporting Files */ = {
			isa = PBXGroup;
			children = (
				9F66D5051D7D703C008777B5 /* main.m */,
			);
			name = "Supporting Files";
			sourceTree = "<group>";
		};
		9F73861E1D7E641000DC51B3 /* ThirdLibrary */ = {
			isa = PBXGroup;
			children = (
				9F73861F1D7E641000DC51B3 /* UIViewAdditions */,
			);
			path = ThirdLibrary;
			sourceTree = "<group>";
		};
		9F73861F1D7E641000DC51B3 /* UIViewAdditions */ = {
			isa = PBXGroup;
			children = (
				9F7386371D7E647700DC51B3 /* UIUltils.h */,
				9F7386381D7E647700DC51B3 /* UIUltils.m */,
				9F7386201D7E641000DC51B3 /* UIView+Additions.h */,
				9F7386211D7E641000DC51B3 /* UIView+Additions.m */,
				9F7386221D7E641000DC51B3 /* UIViewAdditions.h */,
				9F7386231D7E641000DC51B3 /* UIViewAdditions.m */,
			);
			path = UIViewAdditions;
			sourceTree = "<group>";
		};
		9F7386261D7E645A00DC51B3 /* ViewControllers */ = {
			isa = PBXGroup;
			children = (
				9F7386271D7E645A00DC51B3 /* BaseTabViewController.h */,
				9F7386281D7E645A00DC51B3 /* BaseTabViewController.m */,
				9F7386291D7E645A00DC51B3 /* CustomTabViewController.h */,
				9F73862A1D7E645A00DC51B3 /* CustomTabViewController.m */,
				9F73863F1D7E92FB00DC51B3 /* ChildViewController.h */,
				9F7386401D7E92FB00DC51B3 /* ChildViewController.m */,
				9F73862B1D7E645A00DC51B3 /* PageTitleViewController.h */,
				9F73862C1D7E645A00DC51B3 /* PageTitleViewController.m */,
				9F73862D1D7E645A00DC51B3 /* ViewController.h */,
				9F73862E1D7E645A00DC51B3 /* ViewController.m */,
			);
			path = ViewControllers;
			sourceTree = "<group>";
		};
		9F73863B1D7E691A00DC51B3 /* Views */ = {
			isa = PBXGroup;
			children = (
				9F73863C1D7E691A00DC51B3 /* FSTopColumnView.h */,
				9F73863D1D7E691A00DC51B3 /* FSTopColumnView.m */,
			);
			path = Views;
			sourceTree = "<group>";
		};
/* End PBXGroup section */

/* Begin PBXNativeTarget section */
		9F66D5001D7D703C008777B5 /* UITabDemo */ = {
			isa = PBXNativeTarget;
			buildConfigurationList = 9F66D5181D7D703C008777B5 /* Build configuration list for PBXNativeTarget "UITabDemo" */;
			buildPhases = (
				9F66D4FD1D7D703C008777B5 /* Sources */,
				9F66D4FE1D7D703C008777B5 /* Frameworks */,
				9F66D4FF1D7D703C008777B5 /* Resources */,
			);
			buildRules = (
			);
			dependencies = (
			);
			name = UITabDemo;
			productName = UITabDemo;
			productReference = 9F66D5011D7D703C008777B5 /* UITabDemo.app */;
			productType = "com.apple.product-type.application";
		};
/* End PBXNativeTarget section */

/* Begin PBXProject section */
		9F66D4F91D7D703C008777B5 /* Project object */ = {
			isa = PBXProject;
			attributes = {
				LastUpgradeCheck = 0730;
				ORGANIZATIONNAME = "飞兽科技";
				TargetAttributes = {
					9F66D5001D7D703C008777B5 = {
						CreatedOnToolsVersion = 7.3;
						DevelopmentTeam = 23CNQ6K9TW;
					};
				};
			};
			buildConfigurationList = 9F66D4FC1D7D703C008777B5 /* Build configuration list for PBXProject "UITabDemo" */;
			compatibilityVersion = "Xcode 3.2";
			developmentRegion = English;
			hasScannedForEncodings = 0;
			knownRegions = (
				en,
				Base,
			);
			mainGroup = 9F66D4F81D7D703C008777B5;
			productRefGroup = 9F66D5021D7D703C008777B5 /* Products */;
			projectDirPath = "";
			projectRoot = "";
			targets = (
				9F66D5001D7D703C008777B5 /* UITabDemo */,
			);
		};
/* End PBXProject section */

/* Begin PBXResourcesBuildPhase section */
		9F66D4FF1D7D703C008777B5 /* Resources */ = {
			isa = PBXResourcesBuildPhase;
			buildActionMask = 2147483647;
			files = (
				9F66D5141D7D703C008777B5 /* LaunchScreen.storyboard in Resources */,
				9F66D5111D7D703C008777B5 /* Assets.xcassets in Resources */,
				9F66D50F1D7D703C008777B5 /* Main.storyboard in Resources */,
			);
			runOnlyForDeploymentPostprocessing = 0;
		};
/* End PBXResourcesBuildPhase section */

/* Begin PBXSourcesBuildPhase section */
		9F66D4FD1D7D703C008777B5 /* Sources */ = {
			isa = PBXSourcesBuildPhase;
			buildActionMask = 2147483647;
			files = (
				9F66D5091D7D703C008777B5 /* AppDelegate.m in Sources */,
				9F7386251D7E641000DC51B3 /* UIViewAdditions.m in Sources */,
				9F7386351D7E645A00DC51B3 /* ViewController.m in Sources */,
				9F73863E1D7E691A00DC51B3 /* FSTopColumnView.m in Sources */,
				9F66D5061D7D703C008777B5 /* main.m in Sources */,
				9F7386241D7E641000DC51B3 /* UIView+Additions.m in Sources */,
				9F7386391D7E647700DC51B3 /* UIUltils.m in Sources */,
				9F7386341D7E645A00DC51B3 /* PageTitleViewController.m in Sources */,
				9F7386321D7E645A00DC51B3 /* BaseTabViewController.m in Sources */,
				9F7386331D7E645A00DC51B3 /* CustomTabViewController.m in Sources */,
				9F7386411D7E92FB00DC51B3 /* ChildViewController.m in Sources */,
			);
			runOnlyForDeploymentPostprocessing = 0;
		};
/* End PBXSourcesBuildPhase section */

/* Begin PBXVariantGroup section */
		9F66D50D1D7D703C008777B5 /* Main.storyboard */ = {
			isa = PBXVariantGroup;
			children = (
				9F66D50E1D7D703C008777B5 /* Base */,
			);
			name = Main.storyboard;
			sourceTree = "<group>";
		};
		9F66D5121D7D703C008777B5 /* LaunchScreen.storyboard */ = {
			isa = PBXVariantGroup;
			children = (
				9F66D5131D7D703C008777B5 /* Base */,
			);
			name = LaunchScreen.storyboard;
			sourceTree = "<group>";
		};
/* End PBXVariantGroup section */

/* Begin XCBuildConfiguration section */
		9F66D5161D7D703C008777B5 /* Debug */ = {
			isa = XCBuildConfiguration;
			buildSettings = {
				ALWAYS_SEARCH_USER_PATHS = NO;
				CLANG_ANALYZER_NONNULL = YES;
				CLANG_CXX_LANGUAGE_STANDARD = "gnu++0x";
				CLANG_CXX_LIBRARY = "libc++";
				CLANG_ENABLE_MODULES = YES;
				CLANG_ENABLE_OBJC_ARC = YES;
				CLANG_WARN_BOOL_CONVERSION = YES;
				CLANG_WARN_CONSTANT_CONVERSION = YES;
				CLANG_WARN_DIRECT_OBJC_ISA_USAGE = YES_ERROR;
				CLANG_WARN_EMPTY_BODY = YES;
				CLANG_WARN_ENUM_CONVERSION = YES;
				CLANG_WARN_INT_CONVERSION = YES;
				CLANG_WARN_OBJC_ROOT_CLASS = YES_ERROR;
				CLANG_WARN_UNREACHABLE_CODE = YES;
				CLANG_WARN__DUPLICATE_METHOD_MATCH = YES;
				"CODE_SIGN_IDENTITY[sdk=iphoneos*]" = "iPhone Developer";
				COPY_PHASE_STRIP = NO;
				DEBUG_INFORMATION_FORMAT = dwarf;
				ENABLE_STRICT_OBJC_MSGSEND = YES;
				ENABLE_TESTABILITY = YES;
				GCC_C_LANGUAGE_STANDARD = gnu99;
				GCC_DYNAMIC_NO_PIC = NO;
				GCC_NO_COMMON_BLOCKS = YES;
				GCC_OPTIMIZATION_LEVEL = 0;
				GCC_PREPROCESSOR_DEFINITIONS = (
					"DEBUG=1",
					"$(inherited)",
				);
				GCC_WARN_64_TO_32_BIT_CONVERSION = YES;
				GCC_WARN_ABOUT_RETURN_TYPE = YES_ERROR;
				GCC_WARN_UNDECLARED_SELECTOR = YES;
				GCC_WARN_UNINITIALIZED_AUTOS = YES_AGGRESSIVE;
				GCC_WARN_UNUSED_FUNCTION = YES;
				GCC_WARN_UNUSED_VARIABLE = YES;
				IPHONEOS_DEPLOYMENT_TARGET = 9.3;
				MTL_ENABLE_DEBUG_INFO = YES;
				ONLY_ACTIVE_ARCH = YES;
				SDKROOT = iphoneos;
			};
			name = Debug;
		};
		9F66D5171D7D703C008777B5 /* Release */ = {
			isa = XCBuildConfiguration;
			buildSettings = {
				ALWAYS_SEARCH_USER_PATHS = NO;
				CLANG_ANALYZER_NONNULL = YES;
				CLANG_CXX_LANGUAGE_STANDARD = "gnu++0x";
				CLANG_CXX_LIBRARY = "libc++";
				CLANG_ENABLE_MODULES = YES;
				CLANG_ENABLE_OBJC_ARC = YES;
				CLANG_WARN_BOOL_CONVERSION = YES;
				CLANG_WARN_CONSTANT_CONVERSION = YES;
				CLANG_WARN_DIRECT_OBJC_ISA_USAGE = YES_ERROR;
				CLANG_WARN_EMPTY_BODY = YES;
				CLANG_WARN_ENUM_CONVERSION = YES;
				CLANG_WARN_INT_CONVERSION = YES;
				CLANG_WARN_OBJC_ROOT_CLASS = YES_ERROR;
				CLANG_WARN_UNREACHABLE_CODE = YES;
				CLANG_WARN__DUPLICATE_METHOD_MATCH = YES;
				"CODE_SIGN_IDENTITY[sdk=iphoneos*]" = "iPhone Developer";
				COPY_PHASE_STRIP = NO;
				DEBUG_INFORMATION_FORMAT = "dwarf-with-dsym";
				ENABLE_NS_ASSERTIONS = NO;
				ENABLE_STRICT_OBJC_MSGSEND = YES;
				GCC_C_LANGUAGE_STANDARD = gnu99;
				GCC_NO_COMMON_BLOCKS = YES;
				GCC_WARN_64_TO_32_BIT_CONVERSION = YES;
				GCC_WARN_ABOUT_RETURN_TYPE = YES_ERROR;
				GCC_WARN_UNDECLARED_SELECTOR = YES;
				GCC_WARN_UNINITIALIZED_AUTOS = YES_AGGRESSIVE;
				GCC_WARN_UNUSED_FUNCTION = YES;
				GCC_WARN_UNUSED_VARIABLE = YES;
				IPHONEOS_DEPLOYMENT_TARGET = 9.3;
				MTL_ENABLE_DEBUG_INFO = NO;
				SDKROOT = iphoneos;
				VALIDATE_PRODUCT = YES;
			};
			name = Release;
		};
		9F66D5191D7D703C008777B5 /* Debug */ = {
			isa = XCBuildConfiguration;
			buildSettings = {
				ASSETCATALOG_COMPILER_APPICON_NAME = AppIcon;
				CODE_SIGN_IDENTITY = "iPhone Developer";
				GCC_PREFIX_HEADER = UITabDemo/PrefixHeader.pch;
				INFOPLIST_FILE = UITabDemo/Info.plist;
				IPHONEOS_DEPLOYMENT_TARGET = 8.0;
				LD_RUNPATH_SEARCH_PATHS = "$(inherited) @executable_path/Frameworks";
				PRODUCT_BUNDLE_IDENTIFIER = sand.UITabDemo;
				PRODUCT_NAME = "$(TARGET_NAME)";
			};
			name = Debug;
		};
		9F66D51A1D7D703C008777B5 /* Release */ = {
			isa = XCBuildConfiguration;
			buildSettings = {
				ASSETCATALOG_COMPILER_APPICON_NAME = AppIcon;
				CODE_SIGN_IDENTITY = "iPhone Developer";
				GCC_PREFIX_HEADER = UITabDemo/PrefixHeader.pch;
				INFOPLIST_FILE = UITabDemo/Info.plist;
				IPHONEOS_DEPLOYMENT_TARGET = 8.0;
				LD_RUNPATH_SEARCH_PATHS = "$(inherited) @executable_path/Frameworks";
				PRODUCT_BUNDLE_IDENTIFIER = sand.UITabDemo;
				PRODUCT_NAME = "$(TARGET_NAME)";
			};
			name = Release;
		};
/* End XCBuildConfiguration section */

/* Begin XCConfigurationList section */
		9F66D4FC1D7D703C008777B5 /* Build configuration list for PBXProject "UITabDemo" */ = {
			isa = XCConfigurationList;
			buildConfigurations = (
				9F66D5161D7D703C008777B5 /* Debug */,
				9F66D5171D7D703C008777B5 /* Release */,
			);
			defaultConfigurationIsVisible = 0;
			defaultConfigurationName = Release;
		};
		9F66D5181D7D703C008777B5 /* Build configuration list for PBXNativeTarget "UITabDemo" */ = {
			isa = XCConfigurationList;
			buildConfigurations = (
				9F66D5191D7D703C008777B5 /* Debug */,
				9F66D51A1D7D703C008777B5 /* Release */,
			);
			defaultConfigurationIsVisible = 0;
			defaultConfigurationName = Release;
		};
/* End XCConfigurationList section */
	};
	rootObject = 9F66D4F91D7D703C008777B5 /* Project object */;
}
